
Microsoft Visual Studio Solution File, Format Version 12.00
# Visual Studio 15
VisualStudioVersion = 15.0.26730.12
MinimumVisualStudioVersion = 10.0.40219.1
Project("{FAE04EC0-301F-11D3-BF4B-00C04F79EFBC}") = "Assignment2", "Assignment2\Assignment2.csproj", "{184608BA-53C2-4932-9326-5855AE9936D4}"
EndProject
Project("{FAE04EC0-301F-11D3-BF4B-00C04F79EFBC}") = "Assignment2.Tests", "Assignment2.Tests\Assignment2.Tests.csproj", "{F657ED1D-7187-4AB1-96B7-3BB509CE6163}"
EndProject
Global
	GlobalSection(SolutionConfigurationPlatforms) = preSolution
		Debug|Any CPU = Debug|Any CPU
		Release|Any CPU = Release|Any CPU
	EndGlobalSection
	GlobalSection(ProjectConfigurationPlatforms) = postSolution
		{184608BA-53C2-4932-9326-5855AE9936D4}.Debug|Any CPU.ActiveCfg = Debug|Any CPU
		{184608BA-53C2-4932-9326-5855AE9936D4}.Debug|Any CPU.Build.0 = Debug|Any CPU
		{184608BA-53C2-4932-9326-5855AE9936D4}.Release|Any CPU.ActiveCfg = Release|Any CPU
		{184608BA-53C2-4932-9326-5855AE9936D4}.Release|Any CPU.Build.0 = Release|Any CPU
		{F657ED1D-7187-4AB1-96B7-3BB509CE6163}.Debug|Any CPU.ActiveCfg = Debug|Any CPU
		{F657ED1D-7187-4AB1-96B7-3BB509CE6163}.Debug|Any CPU.Build.0 = Debug|Any CPU
		{F657ED1D-7187-4AB1-96B7-3BB509CE6163}.Release|Any CPU.ActiveCfg = Release|Any CPU
		{F657ED1D-7187-4AB1-96B7-3BB509CE6163}.Release|Any CPU.Build.0 = Release|Any CPU
	EndGlobalSection
	GlobalSection(SolutionProperties) = preSolution
		HideSolutionNode = FALSE
	EndGlobalSection
	GlobalSection(ExtensibilityGlobals) = postSolution
		SolutionGuid = {1B68AD98-7DE3-4224-ADEA-5B077EBC058D}
	EndGlobalSection
EndGlobal
